# THIS IS AN AUTOGENERATED FILE. DO NOT EDIT THIS FILE DIRECTLY.
# yarn lockfile v1


"@types/node@^13.1.4":
  version "13.1.4"
  resolved "https://registry.yarnpkg.com/@types/node/-/node-13.1.4.tgz#4cfd90175a200ee9b02bd6b1cd19bc349741607e"
  integrity sha512-Lue/mlp2egZJoHXZr4LndxDAd7i/7SQYhV0EjWfb/a4/OZ6tuVwMCVPiwkU5nsEipxEf7hmkSU7Em5VQ8P5NGA==

commander@^4.0.1:
  version "4.1.0"
  resolved "https://registry.yarnpkg.com/commander/-/commander-4.1.0.tgz#545983a0603fe425bc672d66c9e3c89c42121a83"
  integrity sha512-NIQrwvv9V39FHgGFm36+U9SMQzbiHvU79k+iADraJTpmrFFfx7Ds0IvDoAdZsDrknlkRk14OYoWXb57uTh7/sw==
